
Microsoft Visual Studio Solution File, Format Version 12.00
# Visual Studio 15
Project("{FAE04EC0-301F-11D3-BF4B-00C04F79EFBC}") = "Quizly.Web", "Quizly.Web\Quizly.Web.csproj", "{6632F405-07E9-4A6D-99F8-193E5F6E6371}"
EndProject
Project("{FAE04EC0-301F-11D3-BF4B-00C04F79EFBC}") = "Quizly.API", "Quizly.API\Quizly.API.csproj", "{138E692F-FC7D-43B2-B71D-9AF614514ED4}"
EndProject
Global
	GlobalSection(SolutionConfigurationPlatforms) = preSolution
		Debug|Any CPU = Debug|Any CPU
		Release|Any CPU = Release|Any CPU
	EndGlobalSection
	GlobalSection(ProjectConfigurationPlatforms) = postSolution
		{6632F405-07E9-4A6D-99F8-193E5F6E6371}.Debug|Any CPU.ActiveCfg = Debug|Any CPU
		{6632F405-07E9-4A6D-99F8-193E5F6E6371}.Debug|Any CPU.Build.0 = Debug|Any CPU
		{6632F405-07E9-4A6D-99F8-193E5F6E6371}.Release|Any CPU.ActiveCfg = Release|Any CPU
		{6632F405-07E9-4A6D-99F8-193E5F6E6371}.Release|Any CPU.Build.0 = Release|Any CPU
		{138E692F-FC7D-43B2-B71D-9AF614514ED4}.Debug|Any CPU.ActiveCfg = Debug|Any CPU
		{138E692F-FC7D-43B2-B71D-9AF614514ED4}.Debug|Any CPU.Build.0 = Debug|Any CPU
		{138E692F-FC7D-43B2-B71D-9AF614514ED4}.Release|Any CPU.ActiveCfg = Release|Any CPU
		{138E692F-FC7D-43B2-B71D-9AF614514ED4}.Release|Any CPU.Build.0 = Release|Any CPU
	EndGlobalSection
EndGlobal
